Microsoft Visual Studio Solution File, Format Version 12.00
# Visual Studio Version 17
VisualStudioVersion = 17.0.31314.256
MinimumVisualStudioVersion = 10.0.40219.1
Project("{FAE04EC0-301F-11D3-BF4B-00C04F79EFBC}") = "Game", "Source\Game.csproj", "{5B41906D-5108-4420-8036-C0364E550394}"
EndProject
Project("{FAE04EC0-301F-11D3-BF4B-00C04F79EFBC}") = "BuildScripts", "Cache\Projects\BuildScripts.csproj", "{6EB10B8B-0CB9-4938-85D8-4654D9F4CC20}"
EndProject
Global
	GlobalSection(SolutionConfigurationPlatforms) = preSolution
		Editor.Debug|Win64 = Editor.Debug|Win64
		Editor.Development|Win64 = Editor.Development|Win64
		Editor.Release|Win64 = Editor.Release|Win64
		Game.Debug|Win64 = Game.Debug|Win64
		Game.Development|Win64 = Game.Development|Win64
		Game.Release|Win64 = Game.Release|Win64
	EndGlobalSection
	GlobalSection(ProjectConfigurationPlatforms) = postSolution
		{5B41906D-5108-4420-8036-C0364E550394}.Editor.Debug|Win64.ActiveCfg = Editor.Windows.Debug|x64
		{5B41906D-5108-4420-8036-C0364E550394}.Editor.Debug|Win64.Build.0 = Editor.Windows.Debug|x64
		{5B41906D-5108-4420-8036-C0364E550394}.Editor.Development|Win64.ActiveCfg = Editor.Windows.Development|x64
		{5B41906D-5108-4420-8036-C0364E550394}.Editor.Development|Win64.Build.0 = Editor.Windows.Development|x64
		{5B41906D-5108-4420-8036-C0364E550394}.Editor.Release|Win64.ActiveCfg = Editor.Windows.Release|x64
		{5B41906D-5108-4420-8036-C0364E550394}.Editor.Release|Win64.Build.0 = Editor.Windows.Release|x64
		{5B41906D-5108-4420-8036-C0364E550394}.Game.Debug|Win64.ActiveCfg = Game.Windows.Debug|x64
		{5B41906D-5108-4420-8036-C0364E550394}.Game.Debug|Win64.Build.0 = Game.Windows.Debug|x64
		{5B41906D-5108-4420-8036-C0364E550394}.Game.Development|Win64.ActiveCfg = Game.Windows.Development|x64
		{5B41906D-5108-4420-8036-C0364E550394}.Game.Development|Win64.Build.0 = Game.Windows.Development|x64
		{5B41906D-5108-4420-8036-C0364E550394}.Game.Release|Win64.ActiveCfg = Game.Windows.Release|x64
		{5B41906D-5108-4420-8036-C0364E550394}.Game.Release|Win64.Build.0 = Game.Windows.Release|x64
		{6EB10B8B-0CB9-4938-85D8-4654D9F4CC20}.Editor.Debug|Win64.ActiveCfg = Debug|Any CPU
		{6EB10B8B-0CB9-4938-85D8-4654D9F4CC20}.Editor.Development|Win64.ActiveCfg = Debug|Any CPU
		{6EB10B8B-0CB9-4938-85D8-4654D9F4CC20}.Editor.Release|Win64.ActiveCfg = Debug|Any CPU
		{6EB10B8B-0CB9-4938-85D8-4654D9F4CC20}.Game.Debug|Win64.ActiveCfg = Debug|Any CPU
		{6EB10B8B-0CB9-4938-85D8-4654D9F4CC20}.Game.Development|Win64.ActiveCfg = Debug|Any CPU
		{6EB10B8B-0CB9-4938-85D8-4654D9F4CC20}.Game.Release|Win64.ActiveCfg = Debug|Any CPU
	EndGlobalSection
	GlobalSection(SolutionProperties) = preSolution
		HideSolutionNode = FALSE
	EndGlobalSection
	GlobalSection(NestedProjects) = preSolution
	EndGlobalSection
	GlobalSection(ExtensibilityGlobals) = postSolution
		SolutionGuid = {5A5BAAEA-FDA0-4288-B474-6E434BD9082F}
	EndGlobalSection
EndGlobal
